github.com/codegangsta/negroni v1.0.0 h1:+aYywywx4bnKXWvoWtRfJ91vC59NbEhEY03sZjQhbVY=
github.com/codegangsta/negroni v1.0.0/go.mod h1:v0y3T5G7Y1UlFfyxFn/QLRU4a2EuNau2iZY63YTKWo0=
github.com/go-zoo/bone v1.3.0 h1:PY6sHq37FnQhj+4ZyqFIzJQHvrrGx0GEc3vTZZC/OsI=
github.com/go-zoo/bone v1.3.0/go.mod h1:HI3Lhb7G3UQcAwEhOJ2WyNcsFtQX1WYHa0Hl4OBbhW8=
